
Microsoft Visual Studio Solution File, Format Version 12.00
# Visual Studio Version 17
VisualStudioVersion = 17.14.36623.8 d17.14
MinimumVisualStudioVersion = 10.0.40219.1
Project("{FAE04EC0-301F-11D3-BF4B-00C04F79EFBC}") = "RogHotel", "RogHotel.csproj", "{AED3EB19-657E-4AF4-A7AC-358DD0F52049}"
EndProject
Global
	GlobalSection(SolutionConfigurationPlatforms) = preSolution
		Debug|Any CPU = Debug|Any CPU
		Release|Any CPU = Release|Any CPU
	EndGlobalSection
	GlobalSection(ProjectConfigurationPlatforms) = postSolution
		{AED3EB19-657E-4AF4-A7AC-358DD0F52049}.Debug|Any CPU.ActiveCfg = Debug|Any CPU
		{AED3EB19-657E-4AF4-A7AC-358DD0F52049}.Debug|Any CPU.Build.0 = Debug|Any CPU
		{AED3EB19-657E-4AF4-A7AC-358DD0F52049}.Release|Any CPU.ActiveCfg = Release|Any CPU
		{AED3EB19-657E-4AF4-A7AC-358DD0F52049}.Release|Any CPU.Build.0 = Release|Any CPU
	EndGlobalSection
	GlobalSection(SolutionProperties) = preSolution
		HideSolutionNode = FALSE
	EndGlobalSection
	GlobalSection(ExtensibilityGlobals) = postSolution
		SolutionGuid = {063BD413-FCF9-4C3F-A231-20E3901AC013}
	EndGlobalSection
EndGlobal
